
Microsoft Visual Studio Solution File, Format Version 12.00
# Visual Studio Version 17
VisualStudioVersion = 17.3.32804.467
MinimumVisualStudioVersion = 10.0.40219.1
Project("{FAE04EC0-301F-11D3-BF4B-00C04F79EFBC}") = "CoreMasterDetails", "CoreMasterDetails.csproj", "{CF20E4B3-8070-4A83-ACB4-FC1F378EE425}"
EndProject
Global
	GlobalSection(SolutionConfigurationPlatforms) = preSolution
		Debug|Any CPU = Debug|Any CPU
		Release|Any CPU = Release|Any CPU
	EndGlobalSection
	GlobalSection(ProjectConfigurationPlatforms) = postSolution
		{CF20E4B3-8070-4A83-ACB4-FC1F378EE425}.Debug|Any CPU.ActiveCfg = Debug|Any CPU
		{CF20E4B3-8070-4A83-ACB4-FC1F378EE425}.Debug|Any CPU.Build.0 = Debug|Any CPU
		{CF20E4B3-8070-4A83-ACB4-FC1F378EE425}.Release|Any CPU.ActiveCfg = Release|Any CPU
		{CF20E4B3-8070-4A83-ACB4-FC1F378EE425}.Release|Any CPU.Build.0 = Release|Any CPU
	EndGlobalSection
	GlobalSection(SolutionProperties) = preSolution
		HideSolutionNode = FALSE
	EndGlobalSection
	GlobalSection(ExtensibilityGlobals) = postSolution
		SolutionGuid = {F204BA5E-CFB8-4CC5-83A0-087C2A21CB3F}
	EndGlobalSection
EndGlobal
